
Microsoft Visual Studio Solution File, Format Version 12.00
# Visual Studio Version 17
VisualStudioVersion = 17.14.37012.4
MinimumVisualStudioVersion = 10.0.40219.1
Project("{FAE04EC0-301F-11D3-BF4B-00C04F79EFBC}") = "SimpleCalculatorApp", "SimpleCalculatorApp.csproj", "{764A4D70-21FF-4129-AF65-89782791C2F0}"
EndProject
Global
	GlobalSection(SolutionConfigurationPlatforms) = preSolution
		Debug|Any CPU = Debug|Any CPU
		Debug|x86 = Debug|x86
		Release|Any CPU = Release|Any CPU
		Release|x86 = Release|x86
	EndGlobalSection
	GlobalSection(ProjectConfigurationPlatforms) = postSolution
		{764A4D70-21FF-4129-AF65-89782791C2F0}.Debug|Any CPU.ActiveCfg = Debug|Any CPU
		{764A4D70-21FF-4129-AF65-89782791C2F0}.Debug|Any CPU.Build.0 = Debug|Any CPU
		{764A4D70-21FF-4129-AF65-89782791C2F0}.Debug|x86.ActiveCfg = Debug|x86
		{764A4D70-21FF-4129-AF65-89782791C2F0}.Debug|x86.Build.0 = Debug|x86
		{764A4D70-21FF-4129-AF65-89782791C2F0}.Release|Any CPU.ActiveCfg = Release|Any CPU
		{764A4D70-21FF-4129-AF65-89782791C2F0}.Release|Any CPU.Build.0 = Release|Any CPU
		{764A4D70-21FF-4129-AF65-89782791C2F0}.Release|x86.ActiveCfg = Release|x86
		{764A4D70-21FF-4129-AF65-89782791C2F0}.Release|x86.Build.0 = Release|x86
	EndGlobalSection
	GlobalSection(SolutionProperties) = preSolution
		HideSolutionNode = FALSE
	EndGlobalSection
	GlobalSection(ExtensibilityGlobals) = postSolution
		SolutionGuid = {A20EDBAB-4815-44C3-9C2F-6550FBF5FB7F}
	EndGlobalSection
EndGlobal
